
Microsoft Visual Studio Solution File, Format Version 12.00
# Visual Studio Version 17
VisualStudioVersion = 17.0.31912.275
MinimumVisualStudioVersion = 10.0.40219.1
Project("{9A19103F-16F7-4668-BE54-9A1E7A4F7556}") = "WpfApp1", "WpfApp1\WpfApp1.csproj", "{9319B110-7B55-425B-B7AB-097084C49C89}"
EndProject
Project("{8BC9CEB8-8B4A-11D0-8D11-00A0C91BC942}") = "Ascii", "Ascii\Ascii.vcxproj", "{A219A64B-E151-45F5-ABDD-AAACE7470433}"
	ProjectSection(ProjectDependencies) = postProject
		{94F36908-A4E2-4533-939D-64FF6EADA5A1} = {94F36908-A4E2-4533-939D-64FF6EADA5A1}
		{78B079BD-9FC7-4B9E-B4A6-96DA0F00248B} = {78B079BD-9FC7-4B9E-B4A6-96DA0F00248B}
	EndProjectSection
EndProject
Project("{8BC9CEB8-8B4A-11D0-8D11-00A0C91BC942}") = "freetype", "Ascii\freetype2\builds\windows\vc2010\freetype.vcxproj", "{78B079BD-9FC7-4B9E-B4A6-96DA0F00248B}"
EndProject
Project("{8BC9CEB8-8B4A-11D0-8D11-00A0C91BC942}") = "FreeImagePlus", "Ascii\freeimage\Wrapper\FreeImagePlus\FreeImagePlus.vcxproj", "{94F36908-A4E2-4533-939D-64FF6EADA5A1}"
EndProject
Global
	GlobalSection(SolutionConfigurationPlatforms) = preSolution
		Debug Static|Any CPU = Debug Static|Any CPU
		Debug Static|ARM64 = Debug Static|ARM64
		Debug Static|x64 = Debug Static|x64
		Debug Static|x86 = Debug Static|x86
		Debug|Any CPU = Debug|Any CPU
		Debug|ARM64 = Debug|ARM64
		Debug|x64 = Debug|x64
		Debug|x86 = Debug|x86
		Release Static|Any CPU = Release Static|Any CPU
		Release Static|ARM64 = Release Static|ARM64
		Release Static|x64 = Release Static|x64
		Release Static|x86 = Release Static|x86
		Release|Any CPU = Release|Any CPU
		Release|ARM64 = Release|ARM64
		Release|x64 = Release|x64
		Release|x86 = Release|x86
	EndGlobalSection
	GlobalSection(ProjectConfigurationPlatforms) = postSolution
		{9319B110-7B55-425B-B7AB-097084C49C89}.Debug Static|Any CPU.ActiveCfg = Debug|Any CPU
		{9319B110-7B55-425B-B7AB-097084C49C89}.Debug Static|Any CPU.Build.0 = Debug|Any CPU
		{9319B110-7B55-425B-B7AB-097084C49C89}.Debug Static|ARM64.ActiveCfg = Debug|Any CPU
		{9319B110-7B55-425B-B7AB-097084C49C89}.Debug Static|ARM64.Build.0 = Debug|Any CPU
		{9319B110-7B55-425B-B7AB-097084C49C89}.Debug Static|x64.ActiveCfg = Debug|Any CPU
		{9319B110-7B55-425B-B7AB-097084C49C89}.Debug Static|x64.Build.0 = Debug|Any CPU
		{9319B110-7B55-425B-B7AB-097084C49C89}.Debug Static|x86.ActiveCfg = Debug|Any CPU
		{9319B110-7B55-425B-B7AB-097084C49C89}.Debug Static|x86.Build.0 = Debug|Any CPU
		{9319B110-7B55-425B-B7AB-097084C49C89}.Debug|Any CPU.ActiveCfg = Debug|Any CPU
		{9319B110-7B55-425B-B7AB-097084C49C89}.Debug|Any CPU.Build.0 = Debug|Any CPU
		{9319B110-7B55-425B-B7AB-097084C49C89}.Debug|ARM64.ActiveCfg = Debug|Any CPU
		{9319B110-7B55-425B-B7AB-097084C49C89}.Debug|ARM64.Build.0 = Debug|Any CPU
		{9319B110-7B55-425B-B7AB-097084C49C89}.Debug|x64.ActiveCfg = Debug|Any CPU
		{9319B110-7B55-425B-B7AB-097084C49C89}.Debug|x64.Build.0 = Debug|Any CPU
		{9319B110-7B55-425B-B7AB-097084C49C89}.Debug|x86.ActiveCfg = Debug|Any CPU
		{9319B110-7B55-425B-B7AB-097084C49C89}.Debug|x86.Build.0 = Debug|Any CPU
		{9319B110-7B55-425B-B7AB-097084C49C89}.Release Static|Any CPU.ActiveCfg = Release|Any CPU
		{9319B110-7B55-425B-B7AB-097084C49C89}.Release Static|Any CPU.Build.0 = Release|Any CPU
		{9319B110-7B55-425B-B7AB-097084C49C89}.Release Static|ARM64.ActiveCfg = Release|Any CPU
		{9319B110-7B55-425B-B7AB-097084C49C89}.Release Static|ARM64.Build.0 = Release|Any CPU
		{9319B110-7B55-425B-B7AB-097084C49C89}.Release Static|x64.ActiveCfg = Release|Any CPU
		{9319B110-7B55-425B-B7AB-097084C49C89}.Release Static|x64.Build.0 = Release|Any CPU
		{9319B110-7B55-425B-B7AB-097084C49C89}.Release Static|x86.ActiveCfg = Release|Any CPU
		{9319B110-7B55-425B-B7AB-097084C49C89}.Release Static|x86.Build.0 = Release|Any CPU
		{9319B110-7B55-425B-B7AB-097084C49C89}.Release|Any CPU.ActiveCfg = Release|Any CPU
		{9319B110-7B55-425B-B7AB-097084C49C89}.Release|Any CPU.Build.0 = Release|Any CPU
		{9319B110-7B55-425B-B7AB-097084C49C89}.Release|ARM64.ActiveCfg = Release|Any CPU
		{9319B110-7B55-425B-B7AB-097084C49C89}.Release|ARM64.Build.0 = Release|Any CPU
		{9319B110-7B55-425B-B7AB-097084C49C89}.Release|x64.ActiveCfg = Release|Any CPU
		{9319B110-7B55-425B-B7AB-097084C49C89}.Release|x64.Build.0 = Release|Any CPU
		{9319B110-7B55-425B-B7AB-097084C49C89}.Release|x86.ActiveCfg = Release|Any CPU
		{9319B110-7B55-425B-B7AB-097084C49C89}.Release|x86.Build.0 = Release|Any CPU
		{A219A64B-E151-45F5-ABDD-AAACE7470433}.Debug Static|Any CPU.ActiveCfg = Debug|Win32
		{A219A64B-E151-45F5-ABDD-AAACE7470433}.Debug Static|Any CPU.Build.0 = Debug|Win32
		{A219A64B-E151-45F5-ABDD-AAACE7470433}.Debug Static|ARM64.ActiveCfg = Debug|Win32
		{A219A64B-E151-45F5-ABDD-AAACE7470433}.Debug Static|ARM64.Build.0 = Debug|Win32
		{A219A64B-E151-45F5-ABDD-AAACE7470433}.Debug Static|x64.ActiveCfg = Debug|x64
		{A219A64B-E151-45F5-ABDD-AAACE7470433}.Debug Static|x64.Build.0 = Debug|x64
		{A219A64B-E151-45F5-ABDD-AAACE7470433}.Debug Static|x86.ActiveCfg = Debug|Win32
		{A219A64B-E151-45F5-ABDD-AAACE7470433}.Debug Static|x86.Build.0 = Debug|Win32
		{A219A64B-E151-45F5-ABDD-AAACE7470433}.Debug|Any CPU.ActiveCfg = Debug|x64
		{A219A64B-E151-45F5-ABDD-AAACE7470433}.Debug|Any CPU.Build.0 = Debug|x64
		{A219A64B-E151-45F5-ABDD-AAACE7470433}.Debug|ARM64.ActiveCfg = Debug|x64
		{A219A64B-E151-45F5-ABDD-AAACE7470433}.Debug|ARM64.Build.0 = Debug|x64
		{A219A64B-E151-45F5-ABDD-AAACE7470433}.Debug|x64.ActiveCfg = Debug|x64
		{A219A64B-E151-45F5-ABDD-AAACE7470433}.Debug|x64.Build.0 = Debug|x64
		{A219A64B-E151-45F5-ABDD-AAACE7470433}.Debug|x86.ActiveCfg = Debug|Win32
		{A219A64B-E151-45F5-ABDD-AAACE7470433}.Debug|x86.Build.0 = Debug|Win32
		{A219A64B-E151-45F5-ABDD-AAACE7470433}.Release Static|Any CPU.ActiveCfg = Debug|Win32
		{A219A64B-E151-45F5-ABDD-AAACE7470433}.Release Static|Any CPU.Build.0 = Debug|Win32
		{A219A64B-E151-45F5-ABDD-AAACE7470433}.Release Static|ARM64.ActiveCfg = Debug|Win32
		{A219A64B-E151-45F5-ABDD-AAACE7470433}.Release Static|ARM64.Build.0 = Debug|Win32
		{A219A64B-E151-45F5-ABDD-AAACE7470433}.Release Static|x64.ActiveCfg = Release|x64
		{A219A64B-E151-45F5-ABDD-AAACE7470433}.Release Static|x64.Build.0 = Release|x64
		{A219A64B-E151-45F5-ABDD-AAACE7470433}.Release Static|x86.ActiveCfg = Release|Win32
		{A219A64B-E151-45F5-ABDD-AAACE7470433}.Release Static|x86.Build.0 = Release|Win32
		{A219A64B-E151-45F5-ABDD-AAACE7470433}.Release|Any CPU.ActiveCfg = Release|x64
		{A219A64B-E151-45F5-ABDD-AAACE7470433}.Release|Any CPU.Build.0 = Release|x64
		{A219A64B-E151-45F5-ABDD-AAACE7470433}.Release|ARM64.ActiveCfg = Release|x64
		{A219A64B-E151-45F5-ABDD-AAACE7470433}.Release|ARM64.Build.0 = Release|x64
		{A219A64B-E151-45F5-ABDD-AAACE7470433}.Release|x64.ActiveCfg = Release|x64
		{A219A64B-E151-45F5-ABDD-AAACE7470433}.Release|x64.Build.0 = Release|x64
		{A219A64B-E151-45F5-ABDD-AAACE7470433}.Release|x86.ActiveCfg = Release|Win32
		{A219A64B-E151-45F5-ABDD-AAACE7470433}.Release|x86.Build.0 = Release|Win32
		{78B079BD-9FC7-4B9E-B4A6-96DA0F00248B}.Debug Static|Any CPU.ActiveCfg = Debug Static|x64
		{78B079BD-9FC7-4B9E-B4A6-96DA0F00248B}.Debug Static|Any CPU.Build.0 = Debug Static|x64
		{78B079BD-9FC7-4B9E-B4A6-96DA0F00248B}.Debug Static|ARM64.ActiveCfg = Debug Static|ARM64
		{78B079BD-9FC7-4B9E-B4A6-96DA0F00248B}.Debug Static|ARM64.Build.0 = Debug Static|ARM64
		{78B079BD-9FC7-4B9E-B4A6-96DA0F00248B}.Debug Static|x64.ActiveCfg = Debug Static|x64
		{78B079BD-9FC7-4B9E-B4A6-96DA0F00248B}.Debug Static|x64.Build.0 = Debug Static|x64
		{78B079BD-9FC7-4B9E-B4A6-96DA0F00248B}.Debug Static|x86.ActiveCfg = Debug Static|Win32
		{78B079BD-9FC7-4B9E-B4A6-96DA0F00248B}.Debug Static|x86.Build.0 = Debug Static|Win32
		{78B079BD-9FC7-4B9E-B4A6-96DA0F00248B}.Debug|Any CPU.ActiveCfg = Debug|x64
		{78B079BD-9FC7-4B9E-B4A6-96DA0F00248B}.Debug|Any CPU.Build.0 = Debug|x64
		{78B079BD-9FC7-4B9E-B4A6-96DA0F00248B}.Debug|ARM64.ActiveCfg = Debug|ARM64
		{78B079BD-9FC7-4B9E-B4A6-96DA0F00248B}.Debug|ARM64.Build.0 = Debug|ARM64
		{78B079BD-9FC7-4B9E-B4A6-96DA0F00248B}.Debug|x64.ActiveCfg = Debug|x64
		{78B079BD-9FC7-4B9E-B4A6-96DA0F00248B}.Debug|x64.Build.0 = Debug|x64
		{78B079BD-9FC7-4B9E-B4A6-96DA0F00248B}.Debug|x86.ActiveCfg = Debug|Win32
		{78B079BD-9FC7-4B9E-B4A6-96DA0F00248B}.Debug|x86.Build.0 = Debug|Win32
		{78B079BD-9FC7-4B9E-B4A6-96DA0F00248B}.Release Static|Any CPU.ActiveCfg = Release Static|x64
		{78B079BD-9FC7-4B9E-B4A6-96DA0F00248B}.Release Static|Any CPU.Build.0 = Release Static|x64
		{78B079BD-9FC7-4B9E-B4A6-96DA0F00248B}.Release Static|ARM64.ActiveCfg = Release Static|ARM64
		{78B079BD-9FC7-4B9E-B4A6-96DA0F00248B}.Release Static|ARM64.Build.0 = Release Static|ARM64
		{78B079BD-9FC7-4B9E-B4A6-96DA0F00248B}.Release Static|x64.ActiveCfg = Release Static|x64
		{78B079BD-9FC7-4B9E-B4A6-96DA0F00248B}.Release Static|x64.Build.0 = Release Static|x64
		{78B079BD-9FC7-4B9E-B4A6-96DA0F00248B}.Release Static|x86.ActiveCfg = Release Static|Win32
		{78B079BD-9FC7-4B9E-B4A6-96DA0F00248B}.Release Static|x86.Build.0 = Release Static|Win32
		{78B079BD-9FC7-4B9E-B4A6-96DA0F00248B}.Release|Any CPU.ActiveCfg = Release|x64
		{78B079BD-9FC7-4B9E-B4A6-96DA0F00248B}.Release|Any CPU.Build.0 = Release|x64
		{78B079BD-9FC7-4B9E-B4A6-96DA0F00248B}.Release|ARM64.ActiveCfg = Release|ARM64
		{78B079BD-9FC7-4B9E-B4A6-96DA0F00248B}.Release|ARM64.Build.0 = Release|ARM64
		{78B079BD-9FC7-4B9E-B4A6-96DA0F00248B}.Release|x64.ActiveCfg = Release|x64
		{78B079BD-9FC7-4B9E-B4A6-96DA0F00248B}.Release|x64.Build.0 = Release|x64
		{78B079BD-9FC7-4B9E-B4A6-96DA0F00248B}.Release|x86.ActiveCfg = Release|Win32
		{78B079BD-9FC7-4B9E-B4A6-96DA0F00248B}.Release|x86.Build.0 = Release|Win32
		{94F36908-A4E2-4533-939D-64FF6EADA5A1}.Debug Static|Any CPU.ActiveCfg = Debug|Win32
		{94F36908-A4E2-4533-939D-64FF6EADA5A1}.Debug Static|Any CPU.Build.0 = Debug|Win32
		{94F36908-A4E2-4533-939D-64FF6EADA5A1}.Debug Static|ARM64.ActiveCfg = Debug|ARM64
		{94F36908-A4E2-4533-939D-64FF6EADA5A1}.Debug Static|ARM64.Build.0 = Debug|ARM64
		{94F36908-A4E2-4533-939D-64FF6EADA5A1}.Debug Static|x64.ActiveCfg = Debug|x64
		{94F36908-A4E2-4533-939D-64FF6EADA5A1}.Debug Static|x64.Build.0 = Debug|x64
		{94F36908-A4E2-4533-939D-64FF6EADA5A1}.Debug Static|x86.ActiveCfg = Debug|Win32
		{94F36908-A4E2-4533-939D-64FF6EADA5A1}.Debug Static|x86.Build.0 = Debug|Win32
		{94F36908-A4E2-4533-939D-64FF6EADA5A1}.Debug|Any CPU.ActiveCfg = Debug|x64
		{94F36908-A4E2-4533-939D-64FF6EADA5A1}.Debug|Any CPU.Build.0 = Debug|x64
		{94F36908-A4E2-4533-939D-64FF6EADA5A1}.Debug|ARM64.ActiveCfg = Debug|ARM64
		{94F36908-A4E2-4533-939D-64FF6EADA5A1}.Debug|ARM64.Build.0 = Debug|ARM64
		{94F36908-A4E2-4533-939D-64FF6EADA5A1}.Debug|x64.ActiveCfg = Debug|x64
		{94F36908-A4E2-4533-939D-64FF6EADA5A1}.Debug|x64.Build.0 = Debug|x64
		{94F36908-A4E2-4533-939D-64FF6EADA5A1}.Debug|x86.ActiveCfg = Debug|Win32
		{94F36908-A4E2-4533-939D-64FF6EADA5A1}.Debug|x86.Build.0 = Debug|Win32
		{94F36908-A4E2-4533-939D-64FF6EADA5A1}.Release Static|Any CPU.ActiveCfg = Debug|Win32
		{94F36908-A4E2-4533-939D-64FF6EADA5A1}.Release Static|Any CPU.Build.0 = Debug|Win32
		{94F36908-A4E2-4533-939D-64FF6EADA5A1}.Release Static|ARM64.ActiveCfg = Release|ARM64
		{94F36908-A4E2-4533-939D-64FF6EADA5A1}.Release Static|ARM64.Build.0 = Release|ARM64
		{94F36908-A4E2-4533-939D-64FF6EADA5A1}.Release Static|x64.ActiveCfg = Release|x64
		{94F36908-A4E2-4533-939D-64FF6EADA5A1}.Release Static|x64.Build.0 = Release|x64
		{94F36908-A4E2-4533-939D-64FF6EADA5A1}.Release Static|x86.ActiveCfg = Release|Win32
		{94F36908-A4E2-4533-939D-64FF6EADA5A1}.Release Static|x86.Build.0 = Release|Win32
		{94F36908-A4E2-4533-939D-64FF6EADA5A1}.Release|Any CPU.ActiveCfg = Release|x64
		{94F36908-A4E2-4533-939D-64FF6EADA5A1}.Release|Any CPU.Build.0 = Release|x64
		{94F36908-A4E2-4533-939D-64FF6EADA5A1}.Release|ARM64.ActiveCfg = Release|ARM64
		{94F36908-A4E2-4533-939D-64FF6EADA5A1}.Release|ARM64.Build.0 = Release|ARM64
		{94F36908-A4E2-4533-939D-64FF6EADA5A1}.Release|x64.ActiveCfg = Release|x64
		{94F36908-A4E2-4533-939D-64FF6EADA5A1}.Release|x64.Build.0 = Release|x64
		{94F36908-A4E2-4533-939D-64FF6EADA5A1}.Release|x86.ActiveCfg = Release|Win32
		{94F36908-A4E2-4533-939D-64FF6EADA5A1}.Release|x86.Build.0 = Release|Win32
	EndGlobalSection
	GlobalSection(SolutionProperties) = preSolution
		HideSolutionNode = FALSE
	EndGlobalSection
	GlobalSection(ExtensibilityGlobals) = postSolution
		SolutionGuid = {B5EBD506-69BB-4A65-8DA6-A6E01CBEFDE0}
	EndGlobalSection
EndGlobal
